
Microsoft Visual Studio Solution File, Format Version 12.00
# Visual Studio Version 16
VisualStudioVersion = 16.0.33801.447
MinimumVisualStudioVersion = 10.0.40219.1
Project("{FAE04EC0-301F-11D3-BF4B-00C04F79EFBC}") = "LifeGymWebsite", "LifeGymWebsite.csproj", "{522F1278-F3B4-49B7-ACE7-81C90BC0395D}"
EndProject
Global
	GlobalSection(SolutionConfigurationPlatforms) = preSolution
		Debug|Any CPU = Debug|Any CPU
		Release|Any CPU = Release|Any CPU
	EndGlobalSection
	GlobalSection(ProjectConfigurationPlatforms) = postSolution
		{522F1278-F3B4-49B7-ACE7-81C90BC0395D}.Debug|Any CPU.ActiveCfg = Debug|Any CPU
		{522F1278-F3B4-49B7-ACE7-81C90BC0395D}.Debug|Any CPU.Build.0 = Debug|Any CPU
		{522F1278-F3B4-49B7-ACE7-81C90BC0395D}.Release|Any CPU.ActiveCfg = Release|Any CPU
		{522F1278-F3B4-49B7-ACE7-81C90BC0395D}.Release|Any CPU.Build.0 = Release|Any CPU
	EndGlobalSection
	GlobalSection(SolutionProperties) = preSolution
		HideSolutionNode = FALSE
	EndGlobalSection
	GlobalSection(ExtensibilityGlobals) = postSolution
		SolutionGuid = {084F0D08-8D78-45FA-A5CD-D7C14DD50F83}
	EndGlobalSection
EndGlobal
